// !$*UTF8*$!
{
	archiveVersion = 1;
	classes = {
	};
	objectVersion = 50;
	objects = {

/* Begin PBXBuildFile section */
		6E0B7DD0253D3F4D00E5B297 /* EmojiArt.swift in Sources */ = {isa = PBXBuildFile; fileRef = 6E0B7DCF253D3F4D00E5B297 /* EmojiArt.swift */; };
		6E0B7DD32541CBB400E5B297 /* EmojiArtExtensions.swift in Sources */ = {isa = PBXBuildFile; fileRef = 6E0B7DD22541CBB400E5B297 /* EmojiArtExtensions.swift */; };
		6E0EB625256EBED10089CFBF /* Spinning.swift in Sources */ = {isa = PBXBuildFile; fileRef = 6E0EB624256EBED10089CFBF /* Spinning.swift */; };
		6E0EB6282570009B0089CFBF /* PaletteChooser.swift in Sources */ = {isa = PBXBuildFile; fileRef = 6E0EB6272570009B0089CFBF /* PaletteChooser.swift */; };
		6E0EB62C2572E3040089CFBF /* EmojiArtDocumentPalette.swift in Sources */ = {isa = PBXBuildFile; fileRef = 6E0EB62B2572E3040089CFBF /* EmojiArtDocumentPalette.swift */; };
		6E0EB62F257BC5AB0089CFBF /* GridLayout.swift in Sources */ = {isa = PBXBuildFile; fileRef = 6E0EB62E257BC5AB0089CFBF /* GridLayout.swift */; };
		6E0EB632257BC5B40089CFBF /* Grid.swift in Sources */ = {isa = PBXBuildFile; fileRef = 6E0EB631257BC5B40089CFBF /* Grid.swift */; };
		6E0EB635257EF9950089CFBF /* EmojiArtDocumentStore.swift in Sources */ = {isa = PBXBuildFile; fileRef = 6E0EB634257EF9950089CFBF /* EmojiArtDocumentStore.swift */; };
		6E0EB638257EFCA80089CFBF /* EmojiArtDocumentChooser.swift in Sources */ = {isa = PBXBuildFile; fileRef = 6E0EB637257EFCA80089CFBF /* EmojiArtDocumentChooser.swift */; };
		6E6C44B9253A32FD00406DFE /* EmojiArtApp.swift in Sources */ = {isa = PBXBuildFile; fileRef = 6E6C44B8253A32FD00406DFE /* EmojiArtApp.swift */; };
		6E6C44BB253A32FD00406DFE /* EmojiArtDocumentView.swift in Sources */ = {isa = PBXBuildFile; fileRef = 6E6C44BA253A32FD00406DFE /* EmojiArtDocumentView.swift */; };
		6E6C44BD253A32FF00406DFE /* Assets.xcassets in Resources */ = {isa = PBXBuildFile; fileRef = 6E6C44BC253A32FF00406DFE /* Assets.xcassets */; };
		6E6C44C0253A32FF00406DFE /* Preview Assets.xcassets in Resources */ = {isa = PBXBuildFile; fileRef = 6E6C44BF253A32FF00406DFE /* Preview Assets.xcassets */; };
		6E6C44C9253A331A00406DFE /* EmojiArtDocument.swift in Sources */ = {isa = PBXBuildFile; fileRef = 6E6C44C8253A331A00406DFE /* EmojiArtDocument.swift */; };
		6EF2C58A2566B63200C65B4B /* OptionalImage.swift in Sources */ = {isa = PBXBuildFile; fileRef = 6EF2C5892566B63200C65B4B /* OptionalImage.swift */; };
		6EF2C58D2567F7E500C65B4B /* AnimatableSystemFontModifier.swift in Sources */ = {isa = PBXBuildFile; fileRef = 6EF2C58C2567F7E500C65B4B /* AnimatableSystemFontModifier.swift */; };
/* End PBXBuildFile section */

/* Begin PBXFileReference section */
		6E0B7DCF253D3F4D00E5B297 /* EmojiArt.swift */ = {isa = PBXFileReference; lastKnownFileType = sourcecode.swift; path = EmojiArt.swift; sourceTree = "<group>"; };
		6E0B7DD22541CBB400E5B297 /* EmojiArtExtensions.swift */ = {isa = PBXFileReference; lastKnownFileType = sourcecode.swift; path = EmojiArtExtensions.swift; sourceTree = "<group>"; };
		6E0EB624256EBED10089CFBF /* Spinning.swift */ = {isa = PBXFileReference; lastKnownFileType = sourcecode.swift; path = Spinning.swift; sourceTree = "<group>"; };
		6E0EB6272570009B0089CFBF /* PaletteChooser.swift */ = {isa = PBXFileReference; lastKnownFileType = sourcecode.swift; path = PaletteChooser.swift; sourceTree = "<group>"; };
		6E0EB62B2572E3040089CFBF /* EmojiArtDocumentPalette.swift */ = {isa = PBXFileReference; lastKnownFileType = sourcecode.swift; path = EmojiArtDocumentPalette.swift; sourceTree = "<group>"; };
		6E0EB62E257BC5AB0089CFBF /* GridLayout.swift */ = {isa = PBXFileReference; fileEncoding = 4; lastKnownFileType = sourcecode.swift; path = GridLayout.swift; sourceTree = "<group>"; };
		6E0EB631257BC5B40089CFBF /* Grid.swift */ = {isa = PBXFileReference; fileEncoding = 4; lastKnownFileType = sourcecode.swift; path = Grid.swift; sourceTree = "<group>"; };
		6E0EB634257EF9950089CFBF /* EmojiArtDocumentStore.swift */ = {isa = PBXFileReference; fileEncoding = 4; lastKnownFileType = sourcecode.swift; path = EmojiArtDocumentStore.swift; sourceTree = "<group>"; };
		6E0EB637257EFCA80089CFBF /* EmojiArtDocumentChooser.swift */ = {isa = PBXFileReference; lastKnownFileType = sourcecode.swift; path = EmojiArtDocumentChooser.swift; sourceTree = "<group>"; };
		6E6C44B5253A32FD00406DFE /* EmojiArt.app */ = {isa = PBXFileReference; explicitFileType = wrapper.application; includeInIndex = 0; path = EmojiArt.app; sourceTree = BUILT_PRODUCTS_DIR; };
		6E6C44B8253A32FD00406DFE /* EmojiArtApp.swift */ = {isa = PBXFileReference; lastKnownFileType = sourcecode.swift; path = EmojiArtApp.swift; sourceTree = "<group>"; };
		6E6C44BA253A32FD00406DFE /* EmojiArtDocumentView.swift */ = {isa = PBXFileReference; lastKnownFileType = sourcecode.swift; path = EmojiArtDocumentView.swift; sourceTree = "<group>"; };
		6E6C44BC253A32FF00406DFE /* Assets.xcassets */ = {isa = PBXFileReference; lastKnownFileType = folder.assetcatalog; path = Assets.xcassets; sourceTree = "<group>"; };
		6E6C44BF253A32FF00406DFE /* Preview Assets.xcassets */ = {isa = PBXFileReference; lastKnownFileType = folder.assetcatalog; path = "Preview Assets.xcassets"; sourceTree = "<group>"; };
		6E6C44C1253A32FF00406DFE /* Info.plist */ = {isa = PBXFileReference; lastKnownFileType = text.plist.xml; path = Info.plist; sourceTree = "<group>"; };
		6E6C44C8253A331A00406DFE /* EmojiArtDocument.swift */ = {isa = PBXFileReference; lastKnownFileType = sourcecode.swift; path = EmojiArtDocument.swift; sourceTree = "<group>"; };
		6EF2C5892566B63200C65B4B /* OptionalImage.swift */ = {isa = PBXFileReference; lastKnownFileType = sourcecode.swift; path = OptionalImage.swift; sourceTree = "<group>"; };
		6EF2C58C2567F7E500C65B4B /* AnimatableSystemFontModifier.swift */ = {isa = PBXFileReference; lastKnownFileType = sourcecode.swift; path = AnimatableSystemFontModifier.swift; sourceTree = "<group>"; };
/* End PBXFileReference section */

/* Begin PBXFrameworksBuildPhase section */
		6E6C44B2253A32FD00406DFE /* Frameworks */ = {
			isa = PBXFrameworksBuildPhase;
			buildActionMask = 2147483647;
			files = (
			);
			runOnlyForDeploymentPostprocessing = 0;
		};
/* End PBXFrameworksBuildPhase section */

/* Begin PBXGroup section */
		6E6C44AC253A32FD00406DFE = {
			isa = PBXGroup;
			children = (
				6E6C44B7253A32FD00406DFE /* EmojiArt */,
				6E6C44B6253A32FD00406DFE /* Products */,
			);
			sourceTree = "<group>";
		};
		6E6C44B6253A32FD00406DFE /* Products */ = {
			isa = PBXGroup;
			children = (
				6E6C44B5253A32FD00406DFE /* EmojiArt.app */,
			);
			name = Products;
			sourceTree = "<group>";
		};
		6E6C44B7253A32FD00406DFE /* EmojiArt */ = {
			isa = PBXGroup;
			children = (
				6E0B7DCF253D3F4D00E5B297 /* EmojiArt.swift */,
				6E6C44C8253A331A00406DFE /* EmojiArtDocument.swift */,
				6E0EB634257EF9950089CFBF /* EmojiArtDocumentStore.swift */,
				6E0EB6272570009B0089CFBF /* PaletteChooser.swift */,
				6E6C44BA253A32FD00406DFE /* EmojiArtDocumentView.swift */,
				6E0EB62B2572E3040089CFBF /* EmojiArtDocumentPalette.swift */,
				6E0EB637257EFCA80089CFBF /* EmojiArtDocumentChooser.swift */,
				6E0EB624256EBED10089CFBF /* Spinning.swift */,
				6EF2C58C2567F7E500C65B4B /* AnimatableSystemFontModifier.swift */,
				6EF2C5892566B63200C65B4B /* OptionalImage.swift */,
				6E6C44B8253A32FD00406DFE /* EmojiArtApp.swift */,
				6E0B7DD22541CBB400E5B297 /* EmojiArtExtensions.swift */,
				6E6C44BC253A32FF00406DFE /* Assets.xcassets */,
				6E0EB631257BC5B40089CFBF /* Grid.swift */,
				6E0EB62E257BC5AB0089CFBF /* GridLayout.swift */,
				6E6C44C1253A32FF00406DFE /* Info.plist */,
				6E6C44BE253A32FF00406DFE /* Preview Content */,
			);
			path = EmojiArt;
			sourceTree = "<group>";
		};
		6E6C44BE253A32FF00406DFE /* Preview Content */ = {
			isa = PBXGroup;
			children = (
				6E6C44BF253A32FF00406DFE /* Preview Assets.xcassets */,
			);
			path = "Preview Content";
			sourceTree = "<group>";
		};
/* End PBXGroup section */

/* Begin PBXNativeTarget section */
		6E6C44B4253A32FD00406DFE /* EmojiArt */ = {
			isa = PBXNativeTarget;
			buildConfigurationList = 6E6C44C4253A32FF00406DFE /* Build configuration list for PBXNativeTarget "EmojiArt" */;
			buildPhases = (
				6E6C44B1253A32FD00406DFE /* Sources */,
				6E6C44B2253A32FD00406DFE /* Frameworks */,
				6E6C44B3253A32FD00406DFE /* Resources */,
			);
			buildRules = (
			);
			dependencies = (
			);
			name = EmojiArt;
			productName = EmojiArt;
			productReference = 6E6C44B5253A32FD00406DFE /* EmojiArt.app */;
			productType = "com.apple.product-type.application";
		};
/* End PBXNativeTarget section */

/* Begin PBXProject section */
		6E6C44AD253A32FD00406DFE /* Project object */ = {
			isa = PBXProject;
			attributes = {
				LastSwiftUpdateCheck = 1220;
				LastUpgradeCheck = 1220;
				TargetAttributes = {
					6E6C44B4253A32FD00406DFE = {
						CreatedOnToolsVersion = 12.2;
					};
				};
			};
			buildConfigurationList = 6E6C44B0253A32FD00406DFE /* Build configuration list for PBXProject "EmojiArt" */;
			compatibilityVersion = "Xcode 9.3";
			developmentRegion = en;
			hasScannedForEncodings = 0;
			knownRegions = (
				en,
				Base,
			);
			mainGroup = 6E6C44AC253A32FD00406DFE;
			productRefGroup = 6E6C44B6253A32FD00406DFE /* Products */;
			projectDirPath = "";
			projectRoot = "";
			targets = (
				6E6C44B4253A32FD00406DFE /* EmojiArt */,
			);
		};
/* End PBXProject section */

/* Begin PBXResourcesBuildPhase section */
		6E6C44B3253A32FD00406DFE /* Resources */ = {
			isa = PBXResourcesBuildPhase;
			buildActionMask = 2147483647;
			files = (
				6E6C44C0253A32FF00406DFE /* Preview Assets.xcassets in Resources */,
				6E6C44BD253A32FF00406DFE /* Assets.xcassets in Resources */,
			);
			runOnlyForDeploymentPostprocessing = 0;
		};
/* End PBXResourcesBuildPhase section */

/* Begin PBXSourcesBuildPhase section */
		6E6C44B1253A32FD00406DFE /* Sources */ = {
			isa = PBXSourcesBuildPhase;
			buildActionMask = 2147483647;
			files = (
				6EF2C58D2567F7E500C65B4B /* AnimatableSystemFontModifier.swift in Sources */,
				6E0B7DD0253D3F4D00E5B297 /* EmojiArt.swift in Sources */,
				6E0B7DD32541CBB400E5B297 /* EmojiArtExtensions.swift in Sources */,
				6E6C44BB253A32FD00406DFE /* EmojiArtDocumentView.swift in Sources */,
				6EF2C58A2566B63200C65B4B /* OptionalImage.swift in Sources */,
				6E0EB62C2572E3040089CFBF /* EmojiArtDocumentPalette.swift in Sources */,
				6E6C44C9253A331A00406DFE /* EmojiArtDocument.swift in Sources */,
				6E6C44B9253A32FD00406DFE /* EmojiArtApp.swift in Sources */,
				6E0EB625256EBED10089CFBF /* Spinning.swift in Sources */,
				6E0EB638257EFCA80089CFBF /* EmojiArtDocumentChooser.swift in Sources */,
				6E0EB635257EF9950089CFBF /* EmojiArtDocumentStore.swift in Sources */,
				6E0EB6282570009B0089CFBF /* PaletteChooser.swift in Sources */,
				6E0EB62F257BC5AB0089CFBF /* GridLayout.swift in Sources */,
				6E0EB632257BC5B40089CFBF /* Grid.swift in Sources */,
			);
			runOnlyForDeploymentPostprocessing = 0;
		};
/* End PBXSourcesBuildPhase section */

/* Begin XCBuildConfiguration section */
		6E6C44C2253A32FF00406DFE /* Debug */ = {
			isa = XCBuildConfiguration;
			buildSettings = {
				ALWAYS_SEARCH_USER_PATHS = NO;
				CLANG_ANALYZER_NONNULL = YES;
				CLANG_ANALYZER_NUMBER_OBJECT_CONVERSION = YES_AGGRESSIVE;
				CLANG_CXX_LANGUAGE_STANDARD = "gnu++14";
				CLANG_CXX_LIBRARY = "libc++";
				CLANG_ENABLE_MODULES = YES;
				CLANG_ENABLE_OBJC_ARC = YES;
				CLANG_ENABLE_OBJC_WEAK = YES;
				CLANG_WARN_BLOCK_CAPTURE_AUTORELEASING = YES;
				CLANG_WARN_BOOL_CONVERSION = YES;
				CLANG_WARN_COMMA = YES;
				CLANG_WARN_CONSTANT_CONVERSION = YES;
				CLANG_WARN_DEPRECATED_OBJC_IMPLEMENTATIONS = YES;
				CLANG_WARN_DIRECT_OBJC_ISA_USAGE = YES_ERROR;
				CLANG_WARN_DOCUMENTATION_COMMENTS = YES;
				CLANG_WARN_EMPTY_BODY = YES;
				CLANG_WARN_ENUM_CONVERSION = YES;
				CLANG_WARN_INFINITE_RECURSION = YES;
				CLANG_WARN_INT_CONVERSION = YES;
				CLANG_WARN_NON_LITERAL_NULL_CONVERSION = YES;
				CLANG_WARN_OBJC_IMPLICIT_RETAIN_SELF = YES;
				CLANG_WARN_OBJC_LITERAL_CONVERSION = YES;
				CLANG_WARN_OBJC_ROOT_CLASS = YES_ERROR;
				CLANG_WARN_QUOTED_INCLUDE_IN_FRAMEWORK_HEADER = YES;
				CLANG_WARN_RANGE_LOOP_ANALYSIS = YES;
				CLANG_WARN_STRICT_PROTOTYPES = YES;
				CLANG_WARN_SUSPICIOUS_MOVE = YES;
				CLANG_WARN_UNGUARDED_AVAILABILITY = YES_AGGRESSIVE;
				CLANG_WARN_UNREACHABLE_CODE = YES;
				CLANG_WARN__DUPLICATE_METHOD_MATCH = YES;
				COPY_PHASE_STRIP = NO;
				DEBUG_INFORMATION_FORMAT = dwarf;
				ENABLE_STRICT_OBJC_MSGSEND = YES;
				ENABLE_TESTABILITY = YES;
				GCC_C_LANGUAGE_STANDARD = gnu11;
				GCC_DYNAMIC_NO_PIC = NO;
				GCC_NO_COMMON_BLOCKS = YES;
				GCC_OPTIMIZATION_LEVEL = 0;
				GCC_PREPROCESSOR_DEFINITIONS = (
					"DEBUG=1",
					"$(inherited)",
				);
				GCC_WARN_64_TO_32_BIT_CONVERSION = YES;
				GCC_WARN_ABOUT_RETURN_TYPE = YES_ERROR;
				GCC_WARN_UNDECLARED_SELECTOR = YES;
				GCC_WARN_UNINITIALIZED_AUTOS = YES_AGGRESSIVE;
				GCC_WARN_UNUSED_FUNCTION = YES;
				GCC_WARN_UNUSED_VARIABLE = YES;
				IPHONEOS_DEPLOYMENT_TARGET = 14.2;
				MTL_ENABLE_DEBUG_INFO = INCLUDE_SOURCE;
				MTL_FAST_MATH = YES;
				ONLY_ACTIVE_ARCH = YES;
				SDKROOT = iphoneos;
				SWIFT_ACTIVE_COMPILATION_CONDITIONS = DEBUG;
				SWIFT_OPTIMIZATION_LEVEL = "-Onone";
			};
			name = Debug;
		};
		6E6C44C3253A32FF00406DFE /* Release */ = {
			isa = XCBuildConfiguration;
			buildSettings = {
				ALWAYS_SEARCH_USER_PATHS = NO;
				CLANG_ANALYZER_NONNULL = YES;
				CLANG_ANALYZER_NUMBER_OBJECT_CONVERSION = YES_AGGRESSIVE;
				CLANG_CXX_LANGUAGE_STANDARD = "gnu++14";
				CLANG_CXX_LIBRARY = "libc++";
				CLANG_ENABLE_MODULES = YES;
				CLANG_ENABLE_OBJC_ARC = YES;
				CLANG_ENABLE_OBJC_WEAK = YES;
				CLANG_WARN_BLOCK_CAPTURE_AUTORELEASING = YES;
				CLANG_WARN_BOOL_CONVERSION = YES;
				CLANG_WARN_COMMA = YES;
				CLANG_WARN_CONSTANT_CONVERSION = YES;
				CLANG_WARN_DEPRECATED_OBJC_IMPLEMENTATIONS = YES;
				CLANG_WARN_DIRECT_OBJC_ISA_USAGE = YES_ERROR;
				CLANG_WARN_DOCUMENTATION_COMMENTS = YES;
				CLANG_WARN_EMPTY_BODY = YES;
				CLANG_WARN_ENUM_CONVERSION = YES;
				CLANG_WARN_INFINITE_RECURSION = YES;
				CLANG_WARN_INT_CONVERSION = YES;
				CLANG_WARN_NON_LITERAL_NULL_CONVERSION = YES;
				CLANG_WARN_OBJC_IMPLICIT_RETAIN_SELF = YES;
				CLANG_WARN_OBJC_LITERAL_CONVERSION = YES;
				CLANG_WARN_OBJC_ROOT_CLASS = YES_ERROR;
				CLANG_WARN_QUOTED_INCLUDE_IN_FRAMEWORK_HEADER = YES;
				CLANG_WARN_RANGE_LOOP_ANALYSIS = YES;
				CLANG_WARN_STRICT_PROTOTYPES = YES;
				CLANG_WARN_SUSPICIOUS_MOVE = YES;
				CLANG_WARN_UNGUARDED_AVAILABILITY = YES_AGGRESSIVE;
				CLANG_WARN_UNREACHABLE_CODE = YES;
				CLANG_WARN__DUPLICATE_METHOD_MATCH = YES;
				COPY_PHASE_STRIP = NO;
				DEBUG_INFORMATION_FORMAT = "dwarf-with-dsym";
				ENABLE_NS_ASSERTIONS = NO;
				ENABLE_STRICT_OBJC_MSGSEND = YES;
				GCC_C_LANGUAGE_STANDARD = gnu11;
				GCC_NO_COMMON_BLOCKS = YES;
				GCC_WARN_64_TO_32_BIT_CONVERSION = YES;
				GCC_WARN_ABOUT_RETURN_TYPE = YES_ERROR;
				GCC_WARN_UNDECLARED_SELECTOR = YES;
				GCC_WARN_UNINITIALIZED_AUTOS = YES_AGGRESSIVE;
				GCC_WARN_UNUSED_FUNCTION = YES;
				GCC_WARN_UNUSED_VARIABLE = YES;
				IPHONEOS_DEPLOYMENT_TARGET = 14.2;
				MTL_ENABLE_DEBUG_INFO = NO;
				MTL_FAST_MATH = YES;
				SDKROOT = iphoneos;
				SWIFT_COMPILATION_MODE = wholemodule;
				SWIFT_OPTIMIZATION_LEVEL = "-O";
				VALIDATE_PRODUCT = YES;
			};
			name = Release;
		};
		6E6C44C5253A32FF00406DFE /* Debug */ = {
			isa = XCBuildConfiguration;
			buildSettings = {
				ASSETCATALOG_COMPILER_APPICON_NAME = AppIcon;
				ASSETCATALOG_COMPILER_GLOBAL_ACCENT_COLOR_NAME = AccentColor;
				CODE_SIGN_STYLE = Automatic;
				DEVELOPMENT_ASSET_PATHS = "\"EmojiArt/Preview Content\"";
				DEVELOPMENT_TEAM = 84VX9ZX5F9;
				ENABLE_PREVIEWS = YES;
				INFOPLIST_FILE = EmojiArt/Info.plist;
				IPHONEOS_DEPLOYMENT_TARGET = 14.0;
				LD_RUNPATH_SEARCH_PATHS = (
					"$(inherited)",
					"@executable_path/Frameworks",
				);
				PRODUCT_BUNDLE_IDENTIFIER = org.erichou.EmojiArt;
				PRODUCT_NAME = "$(TARGET_NAME)";
				SWIFT_VERSION = 5.0;
				TARGETED_DEVICE_FAMILY = "1,2";
			};
			name = Debug;
		};
		6E6C44C6253A32FF00406DFE /* Release */ = {
			isa = XCBuildConfiguration;
			buildSettings = {
				ASSETCATALOG_COMPILER_APPICON_NAME = AppIcon;
				ASSETCATALOG_COMPILER_GLOBAL_ACCENT_COLOR_NAME = AccentColor;
				CODE_SIGN_STYLE = Automatic;
				DEVELOPMENT_ASSET_PATHS = "\"EmojiArt/Preview Content\"";
				DEVELOPMENT_TEAM = 84VX9ZX5F9;
				ENABLE_PREVIEWS = YES;
				INFOPLIST_FILE = EmojiArt/Info.plist;
				IPHONEOS_DEPLOYMENT_TARGET = 14.0;
				LD_RUNPATH_SEARCH_PATHS = (
					"$(inherited)",
					"@executable_path/Frameworks",
				);
				PRODUCT_BUNDLE_IDENTIFIER = org.erichou.EmojiArt;
				PRODUCT_NAME = "$(TARGET_NAME)";
				SWIFT_VERSION = 5.0;
				TARGETED_DEVICE_FAMILY = "1,2";
			};
			name = Release;
		};
/* End XCBuildConfiguration section */

/* Begin XCConfigurationList section */
		6E6C44B0253A32FD00406DFE /* Build configuration list for PBXProject "EmojiArt" */ = {
			isa = XCConfigurationList;
			buildConfigurations = (
				6E6C44C2253A32FF00406DFE /* Debug */,
				6E6C44C3253A32FF00406DFE /* Release */,
			);
			defaultConfigurationIsVisible = 0;
			defaultConfigurationName = Release;
		};
		6E6C44C4253A32FF00406DFE /* Build configuration list for PBXNativeTarget "EmojiArt" */ = {
			isa = XCConfigurationList;
			buildConfigurations = (
				6E6C44C5253A32FF00406DFE /* Debug */,
				6E6C44C6253A32FF00406DFE /* Release */,
			);
			defaultConfigurationIsVisible = 0;
			defaultConfigurationName = Release;
		};
/* End XCConfigurationList section */
	};
	rootObject = 6E6C44AD253A32FD00406DFE /* Project object */;
}
